
Microsoft Visual Studio Solution File, Format Version 12.00
# Visual Studio Version 17
VisualStudioVersion = 17.3.32922.545
MinimumVisualStudioVersion = 10.0.40219.1
Project("{8BC9CEB8-8B4A-11D0-8D11-00A0C91BC942}") = "PathFinderAI", "PathFinderAI\PathFinderAI.vcxproj", "{7F3DAC79-F61E-4083-82F4-52F3280C7327}"
EndProject
Global
	GlobalSection(SolutionConfigurationPlatforms) = preSolution
		Debug|x64 = Debug|x64
		Debug|x86 = Debug|x86
		Release|x64 = Release|x64
		Release|x86 = Release|x86
	EndGlobalSection
	GlobalSection(ProjectConfigurationPlatforms) = postSolution
		{7F3DAC79-F61E-4083-82F4-52F3280C7327}.Debug|x64.ActiveCfg = Debug|x64
		{7F3DAC79-F61E-4083-82F4-52F3280C7327}.Debug|x64.Build.0 = Debug|x64
		{7F3DAC79-F61E-4083-82F4-52F3280C7327}.Debug|x86.ActiveCfg = Debug|Win32
		{7F3DAC79-F61E-4083-82F4-52F3280C7327}.Debug|x86.Build.0 = Debug|Win32
		{7F3DAC79-F61E-4083-82F4-52F3280C7327}.Release|x64.ActiveCfg = Release|x64
		{7F3DAC79-F61E-4083-82F4-52F3280C7327}.Release|x64.Build.0 = Release|x64
		{7F3DAC79-F61E-4083-82F4-52F3280C7327}.Release|x86.ActiveCfg = Release|Win32
		{7F3DAC79-F61E-4083-82F4-52F3280C7327}.Release|x86.Build.0 = Release|Win32
	EndGlobalSection
	GlobalSection(SolutionProperties) = preSolution
		HideSolutionNode = FALSE
	EndGlobalSection
	GlobalSection(ExtensibilityGlobals) = postSolution
		SolutionGuid = {AE67CC62-AF49-44F3-B548-500AEA570FBF}
	EndGlobalSection
EndGlobal
